
Microsoft Visual Studio Solution File, Format Version 12.00
# Visual Studio Version 17
VisualStudioVersion = 17.9.34622.214
MinimumVisualStudioVersion = 10.0.40219.1
Project("{9A19103F-16F7-4668-BE54-9A1E7A4F7556}") = "posting-service", "Posting-service\posting-service\posting-service.csproj", "{C0468BB2-60E9-426F-848C-763B7BE506F8}"
EndProject
Project("{9A19103F-16F7-4668-BE54-9A1E7A4F7556}") = "Gateway", "Gateway\Gateway.csproj", "{D0EF6DC2-70FC-4EB9-8C31-13C4A19E0837}"
EndProject
Global
	GlobalSection(SolutionConfigurationPlatforms) = preSolution
		Debug|Any CPU = Debug|Any CPU
		Release|Any CPU = Release|Any CPU
	EndGlobalSection
	GlobalSection(ProjectConfigurationPlatforms) = postSolution
		{C0468BB2-60E9-426F-848C-763B7BE506F8}.Debug|Any CPU.ActiveCfg = Debug|Any CPU
		{C0468BB2-60E9-426F-848C-763B7BE506F8}.Debug|Any CPU.Build.0 = Debug|Any CPU
		{C0468BB2-60E9-426F-848C-763B7BE506F8}.Release|Any CPU.ActiveCfg = Release|Any CPU
		{C0468BB2-60E9-426F-848C-763B7BE506F8}.Release|Any CPU.Build.0 = Release|Any CPU
		{D0EF6DC2-70FC-4EB9-8C31-13C4A19E0837}.Debug|Any CPU.ActiveCfg = Debug|Any CPU
		{D0EF6DC2-70FC-4EB9-8C31-13C4A19E0837}.Debug|Any CPU.Build.0 = Debug|Any CPU
		{D0EF6DC2-70FC-4EB9-8C31-13C4A19E0837}.Release|Any CPU.ActiveCfg = Release|Any CPU
		{D0EF6DC2-70FC-4EB9-8C31-13C4A19E0837}.Release|Any CPU.Build.0 = Release|Any CPU
	EndGlobalSection
	GlobalSection(SolutionProperties) = preSolution
		HideSolutionNode = FALSE
	EndGlobalSection
	GlobalSection(ExtensibilityGlobals) = postSolution
		SolutionGuid = {98A4B9D4-E8F7-46CC-A532-C83DB135CB37}
	EndGlobalSection
EndGlobal
